
Microsoft Visual Studio Solution File, Format Version 12.00
# Visual Studio 2012
Project("{8BC9CEB8-8B4A-11D0-8D11-00A0C91BC942}") = "pap-networking", "pap-networking\pap-networking.vcxproj", "{3AE7C63F-72CB-44ED-B82E-1B5F926B5679}"
EndProject
Project("{8BC9CEB8-8B4A-11D0-8D11-00A0C91BC942}") = "pap-file-io", "pap-file-io\pap-file-io.vcxproj", "{F1001C1F-7E96-4394-82EF-C8EAABEAE98F}"
EndProject
Project("{8BC9CEB8-8B4A-11D0-8D11-00A0C91BC942}") = "Playback GUI", "Playback GUI\Playback GUI.vcxproj", "{B47380CE-0773-404A-ABA6-51AEA9FB6E5E}"
EndProject
Project("{8BC9CEB8-8B4A-11D0-8D11-00A0C91BC942}") = "Recording GUI", "Recording GUI\Recording GUI.vcxproj", "{DD4A2262-AF87-4C9E-A21A-073FFE7F7024}"
EndProject
Global
	GlobalSection(SolutionConfigurationPlatforms) = preSolution
		Debug|Win32 = Debug|Win32
		Release|Win32 = Release|Win32
	EndGlobalSection
	GlobalSection(ProjectConfigurationPlatforms) = postSolution
		{3AE7C63F-72CB-44ED-B82E-1B5F926B5679}.Debug|Win32.ActiveCfg = Debug|Win32
		{3AE7C63F-72CB-44ED-B82E-1B5F926B5679}.Debug|Win32.Build.0 = Debug|Win32
		{3AE7C63F-72CB-44ED-B82E-1B5F926B5679}.Release|Win32.ActiveCfg = Release|Win32
		{3AE7C63F-72CB-44ED-B82E-1B5F926B5679}.Release|Win32.Build.0 = Release|Win32
		{F1001C1F-7E96-4394-82EF-C8EAABEAE98F}.Debug|Win32.ActiveCfg = Debug|Win32
		{F1001C1F-7E96-4394-82EF-C8EAABEAE98F}.Debug|Win32.Build.0 = Debug|Win32
		{F1001C1F-7E96-4394-82EF-C8EAABEAE98F}.Release|Win32.ActiveCfg = Release|Win32
		{F1001C1F-7E96-4394-82EF-C8EAABEAE98F}.Release|Win32.Build.0 = Release|Win32
		{B47380CE-0773-404A-ABA6-51AEA9FB6E5E}.Debug|Win32.ActiveCfg = Debug|Win32
		{B47380CE-0773-404A-ABA6-51AEA9FB6E5E}.Debug|Win32.Build.0 = Debug|Win32
		{B47380CE-0773-404A-ABA6-51AEA9FB6E5E}.Release|Win32.ActiveCfg = Release|Win32
		{B47380CE-0773-404A-ABA6-51AEA9FB6E5E}.Release|Win32.Build.0 = Release|Win32
		{DD4A2262-AF87-4C9E-A21A-073FFE7F7024}.Debug|Win32.ActiveCfg = Debug|Win32
		{DD4A2262-AF87-4C9E-A21A-073FFE7F7024}.Debug|Win32.Build.0 = Debug|Win32
		{DD4A2262-AF87-4C9E-A21A-073FFE7F7024}.Release|Win32.ActiveCfg = Release|Win32
		{DD4A2262-AF87-4C9E-A21A-073FFE7F7024}.Release|Win32.Build.0 = Release|Win32
	EndGlobalSection
	GlobalSection(SolutionProperties) = preSolution
		HideSolutionNode = FALSE
	EndGlobalSection
EndGlobal
