
Microsoft Visual Studio Solution File, Format Version 12.00
# Visual Studio 2012
Project("{8BC9CEB8-8B4A-11D0-8D11-00A0C91BC942}") = "pap-networking", "pap-networking\pap-networking.vcxproj", "{3AE7C63F-72CB-44ED-B82E-1B5F926B5679}"
EndProject
Project("{8BC9CEB8-8B4A-11D0-8D11-00A0C91BC942}") = "pap-file-io", "pap-file-io\pap-file-io.vcxproj", "{F1001C1F-7E96-4394-82EF-C8EAABEAE98F}"
EndProject
Project("{FAE04EC0-301F-11D3-BF4B-00C04F79EFBC}") = "Playback GUI", "Playback GUI\Playback GUI.csproj", "{956D9455-B26B-47E0-8AF4-390B6FDA6C62}"
EndProject
Project("{FAE04EC0-301F-11D3-BF4B-00C04F79EFBC}") = "Recording GUI 2", "Recording GUI 2\Recording GUI 2.csproj", "{5F571539-08BF-45E3-8E5B-ACCF595051C9}"
EndProject
Project("{8BC9CEB8-8B4A-11D0-8D11-00A0C91BC942}") = "pap-server-ffi", "pap-server-ffi\pap-server-ffi.vcxproj", "{CAFEE72A-A122-4E50-9579-0E3139356D9C}"
EndProject
Project("{FAE04EC0-301F-11D3-BF4B-00C04F79EFBC}") = "PlaybackServerTest", "PlaybackServerTest\PlaybackServerTest.csproj", "{CE7DC5A3-B09D-4FD7-8993-31449A6E96FD}"
EndProject
Global
	GlobalSection(SolutionConfigurationPlatforms) = preSolution
		Debug|Any CPU = Debug|Any CPU
		Debug|Mixed Platforms = Debug|Mixed Platforms
		Debug|Win32 = Debug|Win32
		Debug|x86 = Debug|x86
		Release|Any CPU = Release|Any CPU
		Release|Mixed Platforms = Release|Mixed Platforms
		Release|Win32 = Release|Win32
		Release|x86 = Release|x86
	EndGlobalSection
	GlobalSection(ProjectConfigurationPlatforms) = postSolution
		{3AE7C63F-72CB-44ED-B82E-1B5F926B5679}.Debug|Any CPU.ActiveCfg = Debug|Win32
		{3AE7C63F-72CB-44ED-B82E-1B5F926B5679}.Debug|Mixed Platforms.ActiveCfg = Debug|Win32
		{3AE7C63F-72CB-44ED-B82E-1B5F926B5679}.Debug|Mixed Platforms.Build.0 = Debug|Win32
		{3AE7C63F-72CB-44ED-B82E-1B5F926B5679}.Debug|Win32.ActiveCfg = Debug|Win32
		{3AE7C63F-72CB-44ED-B82E-1B5F926B5679}.Debug|Win32.Build.0 = Debug|Win32
		{3AE7C63F-72CB-44ED-B82E-1B5F926B5679}.Debug|x86.ActiveCfg = Debug|Win32
		{3AE7C63F-72CB-44ED-B82E-1B5F926B5679}.Debug|x86.Build.0 = Debug|Win32
		{3AE7C63F-72CB-44ED-B82E-1B5F926B5679}.Release|Any CPU.ActiveCfg = Release|Win32
		{3AE7C63F-72CB-44ED-B82E-1B5F926B5679}.Release|Mixed Platforms.ActiveCfg = Release|Win32
		{3AE7C63F-72CB-44ED-B82E-1B5F926B5679}.Release|Mixed Platforms.Build.0 = Release|Win32
		{3AE7C63F-72CB-44ED-B82E-1B5F926B5679}.Release|Win32.ActiveCfg = Release|Win32
		{3AE7C63F-72CB-44ED-B82E-1B5F926B5679}.Release|Win32.Build.0 = Release|Win32
		{3AE7C63F-72CB-44ED-B82E-1B5F926B5679}.Release|x86.ActiveCfg = Release|Win32
		{3AE7C63F-72CB-44ED-B82E-1B5F926B5679}.Release|x86.Build.0 = Release|Win32
		{F1001C1F-7E96-4394-82EF-C8EAABEAE98F}.Debug|Any CPU.ActiveCfg = Debug|Win32
		{F1001C1F-7E96-4394-82EF-C8EAABEAE98F}.Debug|Mixed Platforms.ActiveCfg = Debug|Win32
		{F1001C1F-7E96-4394-82EF-C8EAABEAE98F}.Debug|Mixed Platforms.Build.0 = Debug|Win32
		{F1001C1F-7E96-4394-82EF-C8EAABEAE98F}.Debug|Win32.ActiveCfg = Debug|Win32
		{F1001C1F-7E96-4394-82EF-C8EAABEAE98F}.Debug|Win32.Build.0 = Debug|Win32
		{F1001C1F-7E96-4394-82EF-C8EAABEAE98F}.Debug|x86.ActiveCfg = Debug|Win32
		{F1001C1F-7E96-4394-82EF-C8EAABEAE98F}.Debug|x86.Build.0 = Debug|Win32
		{F1001C1F-7E96-4394-82EF-C8EAABEAE98F}.Release|Any CPU.ActiveCfg = Release|Win32
		{F1001C1F-7E96-4394-82EF-C8EAABEAE98F}.Release|Mixed Platforms.ActiveCfg = Release|Win32
		{F1001C1F-7E96-4394-82EF-C8EAABEAE98F}.Release|Mixed Platforms.Build.0 = Release|Win32
		{F1001C1F-7E96-4394-82EF-C8EAABEAE98F}.Release|Win32.ActiveCfg = Release|Win32
		{F1001C1F-7E96-4394-82EF-C8EAABEAE98F}.Release|Win32.Build.0 = Release|Win32
		{F1001C1F-7E96-4394-82EF-C8EAABEAE98F}.Release|x86.ActiveCfg = Release|Win32
		{F1001C1F-7E96-4394-82EF-C8EAABEAE98F}.Release|x86.Build.0 = Release|Win32
		{956D9455-B26B-47E0-8AF4-390B6FDA6C62}.Debug|Any CPU.ActiveCfg = Debug|Any CPU
		{956D9455-B26B-47E0-8AF4-390B6FDA6C62}.Debug|Any CPU.Build.0 = Debug|Any CPU
		{956D9455-B26B-47E0-8AF4-390B6FDA6C62}.Debug|Mixed Platforms.ActiveCfg = Debug|Any CPU
		{956D9455-B26B-47E0-8AF4-390B6FDA6C62}.Debug|Mixed Platforms.Build.0 = Debug|Any CPU
		{956D9455-B26B-47E0-8AF4-390B6FDA6C62}.Debug|Win32.ActiveCfg = Debug|Any CPU
		{956D9455-B26B-47E0-8AF4-390B6FDA6C62}.Debug|x86.ActiveCfg = Debug|x86
		{956D9455-B26B-47E0-8AF4-390B6FDA6C62}.Debug|x86.Build.0 = Debug|x86
		{956D9455-B26B-47E0-8AF4-390B6FDA6C62}.Release|Any CPU.ActiveCfg = Release|Any CPU
		{956D9455-B26B-47E0-8AF4-390B6FDA6C62}.Release|Any CPU.Build.0 = Release|Any CPU
		{956D9455-B26B-47E0-8AF4-390B6FDA6C62}.Release|Mixed Platforms.ActiveCfg = Release|Any CPU
		{956D9455-B26B-47E0-8AF4-390B6FDA6C62}.Release|Mixed Platforms.Build.0 = Release|Any CPU
		{956D9455-B26B-47E0-8AF4-390B6FDA6C62}.Release|Win32.ActiveCfg = Release|Any CPU
		{956D9455-B26B-47E0-8AF4-390B6FDA6C62}.Release|x86.ActiveCfg = Release|x86
		{956D9455-B26B-47E0-8AF4-390B6FDA6C62}.Release|x86.Build.0 = Release|x86
		{5F571539-08BF-45E3-8E5B-ACCF595051C9}.Debug|Any CPU.ActiveCfg = Debug|Any CPU
		{5F571539-08BF-45E3-8E5B-ACCF595051C9}.Debug|Any CPU.Build.0 = Debug|Any CPU
		{5F571539-08BF-45E3-8E5B-ACCF595051C9}.Debug|Mixed Platforms.ActiveCfg = Debug|Any CPU
		{5F571539-08BF-45E3-8E5B-ACCF595051C9}.Debug|Mixed Platforms.Build.0 = Debug|Any CPU
		{5F571539-08BF-45E3-8E5B-ACCF595051C9}.Debug|Win32.ActiveCfg = Debug|Any CPU
		{5F571539-08BF-45E3-8E5B-ACCF595051C9}.Debug|x86.ActiveCfg = Debug|x86
		{5F571539-08BF-45E3-8E5B-ACCF595051C9}.Debug|x86.Build.0 = Debug|x86
		{5F571539-08BF-45E3-8E5B-ACCF595051C9}.Release|Any CPU.ActiveCfg = Release|Any CPU
		{5F571539-08BF-45E3-8E5B-ACCF595051C9}.Release|Any CPU.Build.0 = Release|Any CPU
		{5F571539-08BF-45E3-8E5B-ACCF595051C9}.Release|Mixed Platforms.ActiveCfg = Release|Any CPU
		{5F571539-08BF-45E3-8E5B-ACCF595051C9}.Release|Mixed Platforms.Build.0 = Release|Any CPU
		{5F571539-08BF-45E3-8E5B-ACCF595051C9}.Release|Win32.ActiveCfg = Release|Any CPU
		{5F571539-08BF-45E3-8E5B-ACCF595051C9}.Release|x86.ActiveCfg = Release|x86
		{5F571539-08BF-45E3-8E5B-ACCF595051C9}.Release|x86.Build.0 = Release|x86
		{CAFEE72A-A122-4E50-9579-0E3139356D9C}.Debug|Any CPU.ActiveCfg = Debug|Win32
		{CAFEE72A-A122-4E50-9579-0E3139356D9C}.Debug|Mixed Platforms.ActiveCfg = Debug|Win32
		{CAFEE72A-A122-4E50-9579-0E3139356D9C}.Debug|Mixed Platforms.Build.0 = Debug|Win32
		{CAFEE72A-A122-4E50-9579-0E3139356D9C}.Debug|Win32.ActiveCfg = Debug|Win32
		{CAFEE72A-A122-4E50-9579-0E3139356D9C}.Debug|Win32.Build.0 = Debug|Win32
		{CAFEE72A-A122-4E50-9579-0E3139356D9C}.Debug|x86.ActiveCfg = Debug|Win32
		{CAFEE72A-A122-4E50-9579-0E3139356D9C}.Debug|x86.Build.0 = Debug|Win32
		{CAFEE72A-A122-4E50-9579-0E3139356D9C}.Release|Any CPU.ActiveCfg = Release|Win32
		{CAFEE72A-A122-4E50-9579-0E3139356D9C}.Release|Mixed Platforms.ActiveCfg = Release|Win32
		{CAFEE72A-A122-4E50-9579-0E3139356D9C}.Release|Mixed Platforms.Build.0 = Release|Win32
		{CAFEE72A-A122-4E50-9579-0E3139356D9C}.Release|Win32.ActiveCfg = Release|Win32
		{CAFEE72A-A122-4E50-9579-0E3139356D9C}.Release|Win32.Build.0 = Release|Win32
		{CAFEE72A-A122-4E50-9579-0E3139356D9C}.Release|x86.ActiveCfg = Release|Win32
		{CAFEE72A-A122-4E50-9579-0E3139356D9C}.Release|x86.Build.0 = Release|Win32
		{CE7DC5A3-B09D-4FD7-8993-31449A6E96FD}.Debug|Any CPU.ActiveCfg = Debug|Any CPU
		{CE7DC5A3-B09D-4FD7-8993-31449A6E96FD}.Debug|Any CPU.Build.0 = Debug|Any CPU
		{CE7DC5A3-B09D-4FD7-8993-31449A6E96FD}.Debug|Mixed Platforms.ActiveCfg = Debug|Any CPU
		{CE7DC5A3-B09D-4FD7-8993-31449A6E96FD}.Debug|Mixed Platforms.Build.0 = Debug|Any CPU
		{CE7DC5A3-B09D-4FD7-8993-31449A6E96FD}.Debug|Win32.ActiveCfg = Debug|Any CPU
		{CE7DC5A3-B09D-4FD7-8993-31449A6E96FD}.Debug|x86.ActiveCfg = Debug|x86
		{CE7DC5A3-B09D-4FD7-8993-31449A6E96FD}.Debug|x86.Build.0 = Debug|x86
		{CE7DC5A3-B09D-4FD7-8993-31449A6E96FD}.Release|Any CPU.ActiveCfg = Release|Any CPU
		{CE7DC5A3-B09D-4FD7-8993-31449A6E96FD}.Release|Any CPU.Build.0 = Release|Any CPU
		{CE7DC5A3-B09D-4FD7-8993-31449A6E96FD}.Release|Mixed Platforms.ActiveCfg = Release|Any CPU
		{CE7DC5A3-B09D-4FD7-8993-31449A6E96FD}.Release|Mixed Platforms.Build.0 = Release|Any CPU
		{CE7DC5A3-B09D-4FD7-8993-31449A6E96FD}.Release|Win32.ActiveCfg = Release|Any CPU
		{CE7DC5A3-B09D-4FD7-8993-31449A6E96FD}.Release|x86.ActiveCfg = Release|x86
		{CE7DC5A3-B09D-4FD7-8993-31449A6E96FD}.Release|x86.Build.0 = Release|x86
	EndGlobalSection
	GlobalSection(SolutionProperties) = preSolution
		HideSolutionNode = FALSE
	EndGlobalSection
EndGlobal
